// !$*UTF8*$!
{
	archiveVersion = 1;
	classes = {
	};
	objectVersion = 46;
	objects = {

/* Begin PBXBuildFile section */
		25DB247D1D29C3E70050B2D8 /* AppDelegate.swift in Sources */ = {isa = PBXBuildFile; fileRef = 25DB247C1D29C3E70050B2D8 /* AppDelegate.swift */; };
		25DB24B41D2C4FF50050B2D8 /* GoogleService-Info.plist in Resources */ = {isa = PBXBuildFile; fileRef = 25DB24B31D2C4FF50050B2D8 /* GoogleService-Info.plist */; };
		25E440691D3216FD005999C6 /* CountDownLabelHelper.swift in Sources */ = {isa = PBXBuildFile; fileRef = 25E440671D3207EA005999C6 /* CountDownLabelHelper.swift */; };
		CEC604F9F64D01811A48B9AA /* Pods_WinIt.framework in Frameworks */ = {isa = PBXBuildFile; fileRef = 93B3DC8257723FF200B9347B /* Pods_WinIt.framework */; };
		E261257B1D30B6AE00BB1274 /* ForgotPasswordViewController.swift in Sources */ = {isa = PBXBuildFile; fileRef = E26125771D30B6AE00BB1274 /* ForgotPasswordViewController.swift */; };
		E261257C1D30B6AE00BB1274 /* SignupLogin.storyboard in Resources */ = {isa = PBXBuildFile; fileRef = E26125781D30B6AE00BB1274 /* SignupLogin.storyboard */; };
		E261257D1D30B6AE00BB1274 /* SignupViewController.swift in Sources */ = {isa = PBXBuildFile; fileRef = E26125791D30B6AE00BB1274 /* SignupViewController.swift */; };
		E261257E1D30B6AE00BB1274 /* WelcomeViewController.swift in Sources */ = {isa = PBXBuildFile; fileRef = E261257A1D30B6AE00BB1274 /* WelcomeViewController.swift */; };
		E26125841D30B8F700BB1274 /* LaunchScreen.storyboard in Resources */ = {isa = PBXBuildFile; fileRef = E26125801D30B8F700BB1274 /* LaunchScreen.storyboard */; };
		E26125851D30B8F700BB1274 /* Main.storyboard in Resources */ = {isa = PBXBuildFile; fileRef = E26125821D30B8F700BB1274 /* Main.storyboard */; };
		E26125871D30B90000BB1274 /* Assets.xcassets in Resources */ = {isa = PBXBuildFile; fileRef = E26125861D30B90000BB1274 /* Assets.xcassets */; };
		E261258B1D30B96E00BB1274 /* Post.swift in Sources */ = {isa = PBXBuildFile; fileRef = E261258A1D30B96E00BB1274 /* Post.swift */; };
		E261258E1D30B9F800BB1274 /* FirebaseHelper.swift in Sources */ = {isa = PBXBuildFile; fileRef = E261258C1D30B9F800BB1274 /* FirebaseHelper.swift */; };
		E261258F1D30B9F800BB1274 /* ImageHelper.swift in Sources */ = {isa = PBXBuildFile; fileRef = E261258D1D30B9F800BB1274 /* ImageHelper.swift */; };
		E27B674E1D316DB4006F2951 /* CustomAnimation.swift in Sources */ = {isa = PBXBuildFile; fileRef = E27B674D1D316DB4006F2951 /* CustomAnimation.swift */; };
		E27B67511D317962006F2951 /* Global.swift in Sources */ = {isa = PBXBuildFile; fileRef = E27B67501D317962006F2951 /* Global.swift */; };
		E2976AED1D31A4F400FCF694 /* CreatePostViewController.swift in Sources */ = {isa = PBXBuildFile; fileRef = E2976AEC1D31A4F400FCF694 /* CreatePostViewController.swift */; };
		E2976AEF1D31A55C00FCF694 /* GameViewController.swift in Sources */ = {isa = PBXBuildFile; fileRef = E2976AEE1D31A55C00FCF694 /* GameViewController.swift */; };
		E2976AF21D31A58C00FCF694 /* LikedPostCell.swift in Sources */ = {isa = PBXBuildFile; fileRef = E2976AF01D31A58C00FCF694 /* LikedPostCell.swift */; };
		E2976AF31D31A58C00FCF694 /* LikesViewController.swift in Sources */ = {isa = PBXBuildFile; fileRef = E2976AF11D31A58C00FCF694 /* LikesViewController.swift */; };
		E2976AF61D31A5C900FCF694 /* MainTableViewCell.swift in Sources */ = {isa = PBXBuildFile; fileRef = E2976AF41D31A5C900FCF694 /* MainTableViewCell.swift */; };
		E2976AF71D31A5C900FCF694 /* SearchPostsViewController.swift in Sources */ = {isa = PBXBuildFile; fileRef = E2976AF51D31A5C900FCF694 /* SearchPostsViewController.swift */; };
/* End PBXBuildFile section */

/* Begin PBXFileReference section */
		2155D184F652733215929F5E /* Pods-WinIt.debug.xcconfig */ = {isa = PBXFileReference; includeInIndex = 1; lastKnownFileType = text.xcconfig; name = "Pods-WinIt.debug.xcconfig"; path = "Pods/Target Support Files/Pods-WinIt/Pods-WinIt.debug.xcconfig"; sourceTree = "<group>"; };
		25DB24791D29C3E70050B2D8 /* WinIt.app */ = {isa = PBXFileReference; explicitFileType = wrapper.application; includeInIndex = 0; path = WinIt.app; sourceTree = BUILT_PRODUCTS_DIR; };
		25DB247C1D29C3E70050B2D8 /* AppDelegate.swift */ = {isa = PBXFileReference; lastKnownFileType = sourcecode.swift; path = AppDelegate.swift; sourceTree = "<group>"; };
		25DB24881D29C3E70050B2D8 /* Info.plist */ = {isa = PBXFileReference; lastKnownFileType = text.plist.xml; path = Info.plist; sourceTree = "<group>"; };
		25DB24B31D2C4FF50050B2D8 /* GoogleService-Info.plist */ = {isa = PBXFileReference; fileEncoding = 4; lastKnownFileType = text.plist.xml; path = "GoogleService-Info.plist"; sourceTree = "<group>"; };
		25E440671D3207EA005999C6 /* CountDownLabelHelper.swift */ = {isa = PBXFileReference; fileEncoding = 4; lastKnownFileType = sourcecode.swift; path = CountDownLabelHelper.swift; sourceTree = "<group>"; };
		46B75B5978AA09B6C111D698 /* Pods_WinItTests.framework */ = {isa = PBXFileReference; explicitFileType = wrapper.framework; includeInIndex = 0; path = Pods_WinItTests.framework; sourceTree = BUILT_PRODUCTS_DIR; };
		75F1B09707F1A42668133BBE /* Pods-WinIt.release.xcconfig */ = {isa = PBXFileReference; includeInIndex = 1; lastKnownFileType = text.xcconfig; name = "Pods-WinIt.release.xcconfig"; path = "Pods/Target Support Files/Pods-WinIt/Pods-WinIt.release.xcconfig"; sourceTree = "<group>"; };
		93B3DC8257723FF200B9347B /* Pods_WinIt.framework */ = {isa = PBXFileReference; explicitFileType = wrapper.framework; includeInIndex = 0; path = Pods_WinIt.framework; sourceTree = BUILT_PRODUCTS_DIR; };
		CC9F23DE59BC2A81513BCE18 /* Pods_WinItUITests.framework */ = {isa = PBXFileReference; explicitFileType = wrapper.framework; includeInIndex = 0; path = Pods_WinItUITests.framework; sourceTree = BUILT_PRODUCTS_DIR; };
		E140941445475B5E27B6E232 /* Pods-WinItTests.debug.xcconfig */ = {isa = PBXFileReference; includeInIndex = 1; lastKnownFileType = text.xcconfig; name = "Pods-WinItTests.debug.xcconfig"; path = "Pods/Target Support Files/Pods-WinItTests/Pods-WinItTests.debug.xcconfig"; sourceTree = "<group>"; };
		E26125771D30B6AE00BB1274 /* ForgotPasswordViewController.swift */ = {isa = PBXFileReference; fileEncoding = 4; lastKnownFileType = sourcecode.swift; name = ForgotPasswordViewController.swift; path = Authentication/ForgotPasswordViewController.swift; sourceTree = "<group>"; };
		E26125781D30B6AE00BB1274 /* SignupLogin.storyboard */ = {isa = PBXFileReference; fileEncoding = 4; lastKnownFileType = file.storyboard; name = SignupLogin.storyboard; path = Authentication/SignupLogin.storyboard; sourceTree = "<group>"; };
		E26125791D30B6AE00BB1274 /* SignupViewController.swift */ = {isa = PBXFileReference; fileEncoding = 4; lastKnownFileType = sourcecode.swift; name = SignupViewController.swift; path = Authentication/SignupViewController.swift; sourceTree = "<group>"; };
		E261257A1D30B6AE00BB1274 /* WelcomeViewController.swift */ = {isa = PBXFileReference; fileEncoding = 4; lastKnownFileType = sourcecode.swift; name = WelcomeViewController.swift; path = Authentication/WelcomeViewController.swift; sourceTree = "<group>"; };
		E26125811D30B8F700BB1274 /* Base */ = {isa = PBXFileReference; lastKnownFileType = file.storyboard; name = Base; path = "Supporting Files/Base.lproj/LaunchScreen.storyboard"; sourceTree = "<group>"; };
		E26125831D30B8F700BB1274 /* Base */ = {isa = PBXFileReference; lastKnownFileType = file.storyboard; name = Base; path = "Supporting Files/Base.lproj/Main.storyboard"; sourceTree = "<group>"; };
		E26125861D30B90000BB1274 /* Assets.xcassets */ = {isa = PBXFileReference; lastKnownFileType = folder.assetcatalog; name = Assets.xcassets; path = "Supporting Files/Assets.xcassets"; sourceTree = "<group>"; };
		E261258A1D30B96E00BB1274 /* Post.swift */ = {isa = PBXFileReference; fileEncoding = 4; lastKnownFileType = sourcecode.swift; name = Post.swift; path = "WinIt/Data Model/Post.swift"; sourceTree = SOURCE_ROOT; };
		E261258C1D30B9F800BB1274 /* FirebaseHelper.swift */ = {isa = PBXFileReference; fileEncoding = 4; lastKnownFileType = sourcecode.swift; name = FirebaseHelper.swift; path = Helpers/FirebaseHelper.swift; sourceTree = "<group>"; };
		E261258D1D30B9F800BB1274 /* ImageHelper.swift */ = {isa = PBXFileReference; fileEncoding = 4; lastKnownFileType = sourcecode.swift; name = ImageHelper.swift; path = Helpers/ImageHelper.swift; sourceTree = "<group>"; };
		E27B674D1D316DB4006F2951 /* CustomAnimation.swift */ = {isa = PBXFileReference; fileEncoding = 4; lastKnownFileType = sourcecode.swift; name = CustomAnimation.swift; path = Extensions/CustomAnimation.swift; sourceTree = "<group>"; };
		E27B67501D317962006F2951 /* Global.swift */ = {isa = PBXFileReference; fileEncoding = 4; lastKnownFileType = sourcecode.swift; name = Global.swift; path = Constants/Global.swift; sourceTree = "<group>"; };
		E2976AEC1D31A4F400FCF694 /* CreatePostViewController.swift */ = {isa = PBXFileReference; fileEncoding = 4; lastKnownFileType = sourcecode.swift; name = CreatePostViewController.swift; path = "Create Post/CreatePostViewController.swift"; sourceTree = "<group>"; };
		E2976AEE1D31A55C00FCF694 /* GameViewController.swift */ = {isa = PBXFileReference; fileEncoding = 4; lastKnownFileType = sourcecode.swift; name = GameViewController.swift; path = Game/GameViewController.swift; sourceTree = "<group>"; };
		E2976AF01D31A58C00FCF694 /* LikedPostCell.swift */ = {isa = PBXFileReference; fileEncoding = 4; lastKnownFileType = sourcecode.swift; name = LikedPostCell.swift; path = "Liked Posts/LikedPostCell.swift"; sourceTree = "<group>"; };
		E2976AF11D31A58C00FCF694 /* LikesViewController.swift */ = {isa = PBXFileReference; fileEncoding = 4; lastKnownFileType = sourcecode.swift; name = LikesViewController.swift; path = "Liked Posts/LikesViewController.swift"; sourceTree = "<group>"; };
		E2976AF41D31A5C900FCF694 /* MainTableViewCell.swift */ = {isa = PBXFileReference; fileEncoding = 4; lastKnownFileType = sourcecode.swift; name = MainTableViewCell.swift; path = "Search Posts/MainTableViewCell.swift"; sourceTree = "<group>"; };
		E2976AF51D31A5C900FCF694 /* SearchPostsViewController.swift */ = {isa = PBXFileReference; fileEncoding = 4; lastKnownFileType = sourcecode.swift; name = SearchPostsViewController.swift; path = "Search Posts/SearchPostsViewController.swift"; sourceTree = "<group>"; };
		E705CD1AF9A1B83519CEFEF7 /* Pods-WinItUITests.debug.xcconfig */ = {isa = PBXFileReference; includeInIndex = 1; lastKnownFileType = text.xcconfig; name = "Pods-WinItUITests.debug.xcconfig"; path = "Pods/Target Support Files/Pods-WinItUITests/Pods-WinItUITests.debug.xcconfig"; sourceTree = "<group>"; };
		F3EEB14B27CFE7AD24913D65 /* Pods-WinItUITests.release.xcconfig */ = {isa = PBXFileReference; includeInIndex = 1; lastKnownFileType = text.xcconfig; name = "Pods-WinItUITests.release.xcconfig"; path = "Pods/Target Support Files/Pods-WinItUITests/Pods-WinItUITests.release.xcconfig"; sourceTree = "<group>"; };
		FB64FC5BFD76F07DE97CAB74 /* Pods-WinItTests.release.xcconfig */ = {isa = PBXFileReference; includeInIndex = 1; lastKnownFileType = text.xcconfig; name = "Pods-WinItTests.release.xcconfig"; path = "Pods/Target Support Files/Pods-WinItTests/Pods-WinItTests.release.xcconfig"; sourceTree = "<group>"; };
/* End PBXFileReference section */

/* Begin PBXFrameworksBuildPhase section */
		25DB24761D29C3E70050B2D8 /* Frameworks */ = {
			isa = PBXFrameworksBuildPhase;
			buildActionMask = 2147483647;
			files = (
				CEC604F9F64D01811A48B9AA /* Pods_WinIt.framework in Frameworks */,
			);
			runOnlyForDeploymentPostprocessing = 0;
		};
/* End PBXFrameworksBuildPhase section */

/* Begin PBXGroup section */
		250E554A1D2C7282006C3A22 /* Helpers */ = {
			isa = PBXGroup;
			children = (
				E261258C1D30B9F800BB1274 /* FirebaseHelper.swift */,
				E261258D1D30B9F800BB1274 /* ImageHelper.swift */,
				25E440671D3207EA005999C6 /* CountDownLabelHelper.swift */,
			);
			name = Helpers;
			sourceTree = "<group>";
		};
		250E55531D2EBCC0006C3A22 /* Game */ = {
			isa = PBXGroup;
			children = (
				E2976AEE1D31A55C00FCF694 /* GameViewController.swift */,
			);
			name = Game;
			sourceTree = "<group>";
		};
		250E55561D2EF824006C3A22 /* Search Posts */ = {
			isa = PBXGroup;
			children = (
				E2976AF41D31A5C900FCF694 /* MainTableViewCell.swift */,
				E2976AF51D31A5C900FCF694 /* SearchPostsViewController.swift */,
			);
			name = "Search Posts";
			sourceTree = "<group>";
		};
		250E55581D2EF890006C3A22 /* Liked Posts */ = {
			isa = PBXGroup;
			children = (
				E2976AF01D31A58C00FCF694 /* LikedPostCell.swift */,
				E2976AF11D31A58C00FCF694 /* LikesViewController.swift */,
			);
			name = "Liked Posts";
			sourceTree = "<group>";
		};
		250E55611D2F2447006C3A22 /* Create Post */ = {
			isa = PBXGroup;
			children = (
				E2976AEC1D31A4F400FCF694 /* CreatePostViewController.swift */,
			);
			name = "Create Post";
			sourceTree = "<group>";
		};
		25DB24701D29C3E70050B2D8 = {
			isa = PBXGroup;
			children = (
				25DB24B31D2C4FF50050B2D8 /* GoogleService-Info.plist */,
				25DB247B1D29C3E70050B2D8 /* WinIt */,
				25DB247A1D29C3E70050B2D8 /* Products */,
				E65EC864429BB4E0B87A52C5 /* Pods */,
				7F72FB4635C1994E7BCC27C9 /* Frameworks */,
			);
			sourceTree = "<group>";
		};
		25DB247A1D29C3E70050B2D8 /* Products */ = {
			isa = PBXGroup;
			children = (
				25DB24791D29C3E70050B2D8 /* WinIt.app */,
			);
			name = Products;
			sourceTree = "<group>";
		};
		25DB247B1D29C3E70050B2D8 /* WinIt */ = {
			isa = PBXGroup;
			children = (
				25DB247C1D29C3E70050B2D8 /* AppDelegate.swift */,
				E26125761D30B6A200BB1274 /* Authentication */,
				250E55611D2F2447006C3A22 /* Create Post */,
				250E55581D2EF890006C3A22 /* Liked Posts */,
				250E55561D2EF824006C3A22 /* Search Posts */,
				250E55531D2EBCC0006C3A22 /* Game */,
				250E554A1D2C7282006C3A22 /* Helpers */,
				25DB24B01D2C33DD0050B2D8 /* Data Model */,
				E27B674C1D316D97006F2951 /* Extensions */,
				E27B674F1D317949006F2951 /* Constants */,
				E261257F1D30B8D200BB1274 /* Supporting Files */,
			);
			path = WinIt;
			sourceTree = "<group>";
		};
		25DB24B01D2C33DD0050B2D8 /* Data Model */ = {
			isa = PBXGroup;
			children = (
				E261258A1D30B96E00BB1274 /* Post.swift */,
			);
			name = "Data Model";
			path = Offers;
			sourceTree = "<group>";
		};
		7F72FB4635C1994E7BCC27C9 /* Frameworks */ = {
			isa = PBXGroup;
			children = (
				93B3DC8257723FF200B9347B /* Pods_WinIt.framework */,
				46B75B5978AA09B6C111D698 /* Pods_WinItTests.framework */,
				CC9F23DE59BC2A81513BCE18 /* Pods_WinItUITests.framework */,
			);
			name = Frameworks;
			sourceTree = "<group>";
		};
		E26125761D30B6A200BB1274 /* Authentication */ = {
			isa = PBXGroup;
			children = (
				E26125771D30B6AE00BB1274 /* ForgotPasswordViewController.swift */,
				E26125781D30B6AE00BB1274 /* SignupLogin.storyboard */,
				E26125791D30B6AE00BB1274 /* SignupViewController.swift */,
				E261257A1D30B6AE00BB1274 /* WelcomeViewController.swift */,
			);
			name = Authentication;
			sourceTree = "<group>";
		};
		E261257F1D30B8D200BB1274 /* Supporting Files */ = {
			isa = PBXGroup;
			children = (
				E26125861D30B90000BB1274 /* Assets.xcassets */,
				E26125801D30B8F700BB1274 /* LaunchScreen.storyboard */,
				E26125821D30B8F700BB1274 /* Main.storyboard */,
				25DB24881D29C3E70050B2D8 /* Info.plist */,
			);
			name = "Supporting Files";
			sourceTree = "<group>";
		};
		E27B674C1D316D97006F2951 /* Extensions */ = {
			isa = PBXGroup;
			children = (
				E27B674D1D316DB4006F2951 /* CustomAnimation.swift */,
			);
			name = Extensions;
			sourceTree = "<group>";
		};
		E27B674F1D317949006F2951 /* Constants */ = {
			isa = PBXGroup;
			children = (
				E27B67501D317962006F2951 /* Global.swift */,
			);
			name = Constants;
			sourceTree = "<group>";
		};
		E65EC864429BB4E0B87A52C5 /* Pods */ = {
			isa = PBXGroup;
			children = (
				2155D184F652733215929F5E /* Pods-WinIt.debug.xcconfig */,
				75F1B09707F1A42668133BBE /* Pods-WinIt.release.xcconfig */,
				E140941445475B5E27B6E232 /* Pods-WinItTests.debug.xcconfig */,
				FB64FC5BFD76F07DE97CAB74 /* Pods-WinItTests.release.xcconfig */,
				E705CD1AF9A1B83519CEFEF7 /* Pods-WinItUITests.debug.xcconfig */,
				F3EEB14B27CFE7AD24913D65 /* Pods-WinItUITests.release.xcconfig */,
			);
			name = Pods;
			sourceTree = "<group>";
		};
/* End PBXGroup section */

/* Begin PBXNativeTarget section */
		25DB24781D29C3E70050B2D8 /* WinIt */ = {
			isa = PBXNativeTarget;
			buildConfigurationList = 25DB24A11D29C3E70050B2D8 /* Build configuration list for PBXNativeTarget "WinIt" */;
			buildPhases = (
				C14A763D0058C40458E59C63 /* [CP] Check Pods Manifest.lock */,
				25DB24751D29C3E70050B2D8 /* Sources */,
				25DB24761D29C3E70050B2D8 /* Frameworks */,
				25DB24771D29C3E70050B2D8 /* Resources */,
				427F8BAA585431519E6A761A /* [CP] Embed Pods Frameworks */,
				F0D699393CFCE124FC6A43D4 /* [CP] Copy Pods Resources */,
			);
			buildRules = (
			);
			dependencies = (
			);
			name = WinIt;
			productName = WinIt;
			productReference = 25DB24791D29C3E70050B2D8 /* WinIt.app */;
			productType = "com.apple.product-type.application";
		};
/* End PBXNativeTarget section */

/* Begin PBXProject section */
		25DB24711D29C3E70050B2D8 /* Project object */ = {
			isa = PBXProject;
			attributes = {
				LastSwiftUpdateCheck = 0730;
				LastUpgradeCheck = 0730;
				ORGANIZATIONNAME = Timo;
				TargetAttributes = {
					25DB24781D29C3E70050B2D8 = {
						CreatedOnToolsVersion = 7.3.1;
					};
				};
			};
			buildConfigurationList = 25DB24741D29C3E70050B2D8 /* Build configuration list for PBXProject "WinIt" */;
			compatibilityVersion = "Xcode 3.2";
			developmentRegion = English;
			hasScannedForEncodings = 0;
			knownRegions = (
				en,
				Base,
			);
			mainGroup = 25DB24701D29C3E70050B2D8;
			productRefGroup = 25DB247A1D29C3E70050B2D8 /* Products */;
			projectDirPath = "";
			projectRoot = "";
			targets = (
				25DB24781D29C3E70050B2D8 /* WinIt */,
			);
		};
/* End PBXProject section */

/* Begin PBXResourcesBuildPhase section */
		25DB24771D29C3E70050B2D8 /* Resources */ = {
			isa = PBXResourcesBuildPhase;
			buildActionMask = 2147483647;
			files = (
				E26125841D30B8F700BB1274 /* LaunchScreen.storyboard in Resources */,
				E261257C1D30B6AE00BB1274 /* SignupLogin.storyboard in Resources */,
				25DB24B41D2C4FF50050B2D8 /* GoogleService-Info.plist in Resources */,
				E26125851D30B8F700BB1274 /* Main.storyboard in Resources */,
				E26125871D30B90000BB1274 /* Assets.xcassets in Resources */,
			);
			runOnlyForDeploymentPostprocessing = 0;
		};
/* End PBXResourcesBuildPhase section */

/* Begin PBXShellScriptBuildPhase section */
		427F8BAA585431519E6A761A /* [CP] Embed Pods Frameworks */ = {
			isa = PBXShellScriptBuildPhase;
			buildActionMask = 2147483647;
			files = (
			);
			inputPaths = (
			);
			name = "[CP] Embed Pods Frameworks";
			outputPaths = (
			);
			runOnlyForDeploymentPostprocessing = 0;
			shellPath = /bin/sh;
			shellScript = "\"${SRCROOT}/Pods/Target Support Files/Pods-WinIt/Pods-WinIt-frameworks.sh\"\n";
			showEnvVarsInLog = 0;
		};
		C14A763D0058C40458E59C63 /* [CP] Check Pods Manifest.lock */ = {
			isa = PBXShellScriptBuildPhase;
			buildActionMask = 2147483647;
			files = (
			);
			inputPaths = (
			);
			name = "[CP] Check Pods Manifest.lock";
			outputPaths = (
			);
			runOnlyForDeploymentPostprocessing = 0;
			shellPath = /bin/sh;
			shellScript = "diff \"${PODS_ROOT}/../Podfile.lock\" \"${PODS_ROOT}/Manifest.lock\" > /dev/null\nif [[ $? != 0 ]] ; then\n    cat << EOM\nerror: The sandbox is not in sync with the Podfile.lock. Run 'pod install' or update your CocoaPods installation.\nEOM\n    exit 1\nfi\n";
			showEnvVarsInLog = 0;
		};
		F0D699393CFCE124FC6A43D4 /* [CP] Copy Pods Resources */ = {
			isa = PBXShellScriptBuildPhase;
			buildActionMask = 2147483647;
			files = (
			);
			inputPaths = (
			);
			name = "[CP] Copy Pods Resources";
			outputPaths = (
			);
			runOnlyForDeploymentPostprocessing = 0;
			shellPath = /bin/sh;
			shellScript = "\"${SRCROOT}/Pods/Target Support Files/Pods-WinIt/Pods-WinIt-resources.sh\"\n";
			showEnvVarsInLog = 0;
		};
/* End PBXShellScriptBuildPhase section */

/* Begin PBXSourcesBuildPhase section */
		25DB24751D29C3E70050B2D8 /* Sources */ = {
			isa = PBXSourcesBuildPhase;
			buildActionMask = 2147483647;
			files = (
				E261258E1D30B9F800BB1274 /* FirebaseHelper.swift in Sources */,
				E2976AF21D31A58C00FCF694 /* LikedPostCell.swift in Sources */,
				E261257E1D30B6AE00BB1274 /* WelcomeViewController.swift in Sources */,
				E261257D1D30B6AE00BB1274 /* SignupViewController.swift in Sources */,
				E261258B1D30B96E00BB1274 /* Post.swift in Sources */,
				E27B67511D317962006F2951 /* Global.swift in Sources */,
				25E440691D3216FD005999C6 /* CountDownLabelHelper.swift in Sources */,
				E27B674E1D316DB4006F2951 /* CustomAnimation.swift in Sources */,
				E2976AED1D31A4F400FCF694 /* CreatePostViewController.swift in Sources */,
				E2976AEF1D31A55C00FCF694 /* GameViewController.swift in Sources */,
				E2976AF71D31A5C900FCF694 /* SearchPostsViewController.swift in Sources */,
				E2976AF31D31A58C00FCF694 /* LikesViewController.swift in Sources */,
				E2976AF61D31A5C900FCF694 /* MainTableViewCell.swift in Sources */,
				E261258F1D30B9F800BB1274 /* ImageHelper.swift in Sources */,
				E261257B1D30B6AE00BB1274 /* ForgotPasswordViewController.swift in Sources */,
				25DB247D1D29C3E70050B2D8 /* AppDelegate.swift in Sources */,
			);
			runOnlyForDeploymentPostprocessing = 0;
		};
/* End PBXSourcesBuildPhase section */

/* Begin PBXVariantGroup section */
		E26125801D30B8F700BB1274 /* LaunchScreen.storyboard */ = {
			isa = PBXVariantGroup;
			children = (
				E26125811D30B8F700BB1274 /* Base */,
			);
			name = LaunchScreen.storyboard;
			sourceTree = "<group>";
		};
		E26125821D30B8F700BB1274 /* Main.storyboard */ = {
			isa = PBXVariantGroup;
			children = (
				E26125831D30B8F700BB1274 /* Base */,
			);
			name = Main.storyboard;
			sourceTree = "<group>";
		};
/* End PBXVariantGroup section */

/* Begin XCBuildConfiguration section */
		25DB249F1D29C3E70050B2D8 /* Debug */ = {
			isa = XCBuildConfiguration;
			buildSettings = {
				ALWAYS_SEARCH_USER_PATHS = NO;
				CLANG_ANALYZER_NONNULL = YES;
				CLANG_CXX_LANGUAGE_STANDARD = "gnu++0x";
				CLANG_CXX_LIBRARY = "libc++";
				CLANG_ENABLE_MODULES = YES;
				CLANG_ENABLE_OBJC_ARC = YES;
				CLANG_WARN_BOOL_CONVERSION = YES;
				CLANG_WARN_CONSTANT_CONVERSION = YES;
				CLANG_WARN_DIRECT_OBJC_ISA_USAGE = YES_ERROR;
				CLANG_WARN_EMPTY_BODY = YES;
				CLANG_WARN_ENUM_CONVERSION = YES;
				CLANG_WARN_INT_CONVERSION = YES;
				CLANG_WARN_OBJC_ROOT_CLASS = YES_ERROR;
				CLANG_WARN_UNREACHABLE_CODE = YES;
				CLANG_WARN__DUPLICATE_METHOD_MATCH = YES;
				"CODE_SIGN_IDENTITY[sdk=iphoneos*]" = "iPhone Developer";
				COPY_PHASE_STRIP = NO;
				DEBUG_INFORMATION_FORMAT = dwarf;
				ENABLE_STRICT_OBJC_MSGSEND = YES;
				ENABLE_TESTABILITY = YES;
				GCC_C_LANGUAGE_STANDARD = gnu99;
				GCC_DYNAMIC_NO_PIC = NO;
				GCC_NO_COMMON_BLOCKS = YES;
				GCC_OPTIMIZATION_LEVEL = 0;
				GCC_PREPROCESSOR_DEFINITIONS = (
					"DEBUG=1",
					"$(inherited)",
				);
				GCC_WARN_64_TO_32_BIT_CONVERSION = YES;
				GCC_WARN_ABOUT_RETURN_TYPE = YES_ERROR;
				GCC_WARN_UNDECLARED_SELECTOR = YES;
				GCC_WARN_UNINITIALIZED_AUTOS = YES_AGGRESSIVE;
				GCC_WARN_UNUSED_FUNCTION = YES;
				GCC_WARN_UNUSED_VARIABLE = YES;
				IPHONEOS_DEPLOYMENT_TARGET = 9.3;
				MTL_ENABLE_DEBUG_INFO = YES;
				ONLY_ACTIVE_ARCH = YES;
				SDKROOT = iphoneos;
				SWIFT_OPTIMIZATION_LEVEL = "-Onone";
			};
			name = Debug;
		};
		25DB24A01D29C3E70050B2D8 /* Release */ = {
			isa = XCBuildConfiguration;
			buildSettings = {
				ALWAYS_SEARCH_USER_PATHS = NO;
				CLANG_ANALYZER_NONNULL = YES;
				CLANG_CXX_LANGUAGE_STANDARD = "gnu++0x";
				CLANG_CXX_LIBRARY = "libc++";
				CLANG_ENABLE_MODULES = YES;
				CLANG_ENABLE_OBJC_ARC = YES;
				CLANG_WARN_BOOL_CONVERSION = YES;
				CLANG_WARN_CONSTANT_CONVERSION = YES;
				CLANG_WARN_DIRECT_OBJC_ISA_USAGE = YES_ERROR;
				CLANG_WARN_EMPTY_BODY = YES;
				CLANG_WARN_ENUM_CONVERSION = YES;
				CLANG_WARN_INT_CONVERSION = YES;
				CLANG_WARN_OBJC_ROOT_CLASS = YES_ERROR;
				CLANG_WARN_UNREACHABLE_CODE = YES;
				CLANG_WARN__DUPLICATE_METHOD_MATCH = YES;
				"CODE_SIGN_IDENTITY[sdk=iphoneos*]" = "iPhone Developer";
				COPY_PHASE_STRIP = NO;
				DEBUG_INFORMATION_FORMAT = "dwarf-with-dsym";
				ENABLE_NS_ASSERTIONS = NO;
				ENABLE_STRICT_OBJC_MSGSEND = YES;
				GCC_C_LANGUAGE_STANDARD = gnu99;
				GCC_NO_COMMON_BLOCKS = YES;
				GCC_WARN_64_TO_32_BIT_CONVERSION = YES;
				GCC_WARN_ABOUT_RETURN_TYPE = YES_ERROR;
				GCC_WARN_UNDECLARED_SELECTOR = YES;
				GCC_WARN_UNINITIALIZED_AUTOS = YES_AGGRESSIVE;
				GCC_WARN_UNUSED_FUNCTION = YES;
				GCC_WARN_UNUSED_VARIABLE = YES;
				IPHONEOS_DEPLOYMENT_TARGET = 9.3;
				MTL_ENABLE_DEBUG_INFO = NO;
				SDKROOT = iphoneos;
				VALIDATE_PRODUCT = YES;
			};
			name = Release;
		};
		25DB24A21D29C3E70050B2D8 /* Debug */ = {
			isa = XCBuildConfiguration;
			baseConfigurationReference = 2155D184F652733215929F5E /* Pods-WinIt.debug.xcconfig */;
			buildSettings = {
				ASSETCATALOG_COMPILER_APPICON_NAME = AppIcon;
				INFOPLIST_FILE = WinIt/Info.plist;
				LD_RUNPATH_SEARCH_PATHS = "$(inherited) @executable_path/Frameworks";
				PRODUCT_BUNDLE_IDENTIFIER = net.widap.winit;
				PRODUCT_NAME = "$(TARGET_NAME)";
			};
			name = Debug;
		};
		25DB24A31D29C3E70050B2D8 /* Release */ = {
			isa = XCBuildConfiguration;
			baseConfigurationReference = 75F1B09707F1A42668133BBE /* Pods-WinIt.release.xcconfig */;
			buildSettings = {
				ASSETCATALOG_COMPILER_APPICON_NAME = AppIcon;
				INFOPLIST_FILE = WinIt/Info.plist;
				LD_RUNPATH_SEARCH_PATHS = "$(inherited) @executable_path/Frameworks";
				PRODUCT_BUNDLE_IDENTIFIER = net.widap.winit;
				PRODUCT_NAME = "$(TARGET_NAME)";
			};
			name = Release;
		};
/* End XCBuildConfiguration section */

/* Begin XCConfigurationList section */
		25DB24741D29C3E70050B2D8 /* Build configuration list for PBXProject "WinIt" */ = {
			isa = XCConfigurationList;
			buildConfigurations = (
				25DB249F1D29C3E70050B2D8 /* Debug */,
				25DB24A01D29C3E70050B2D8 /* Release */,
			);
			defaultConfigurationIsVisible = 0;
			defaultConfigurationName = Release;
		};
		25DB24A11D29C3E70050B2D8 /* Build configuration list for PBXNativeTarget "WinIt" */ = {
			isa = XCConfigurationList;
			buildConfigurations = (
				25DB24A21D29C3E70050B2D8 /* Debug */,
				25DB24A31D29C3E70050B2D8 /* Release */,
			);
			defaultConfigurationIsVisible = 0;
			defaultConfigurationName = Release;
		};
/* End XCConfigurationList section */
	};
	rootObject = 25DB24711D29C3E70050B2D8 /* Project object */;
}
