// !$*UTF8*$!
{
	archiveVersion = 1;
	classes = {
	};
	objectVersion = 46;
	objects = {

/* Begin PBXBuildFile section */
		250E554C1D2C72B4006C3A22 /* FirebaseHelper.swift in Sources */ = {isa = PBXBuildFile; fileRef = 250E554B1D2C72B4006C3A22 /* FirebaseHelper.swift */; };
		250E554E1D2CAD2B006C3A22 /* LoginViewController.swift in Sources */ = {isa = PBXBuildFile; fileRef = 250E554D1D2CAD2B006C3A22 /* LoginViewController.swift */; };
		250E55501D2CB66B006C3A22 /* UserRegisterViewController.swift in Sources */ = {isa = PBXBuildFile; fileRef = 250E554F1D2CB66B006C3A22 /* UserRegisterViewController.swift */; };
		250E55521D2D8B5A006C3A22 /* CustomAnimation.swift in Sources */ = {isa = PBXBuildFile; fileRef = 250E55511D2D8B5A006C3A22 /* CustomAnimation.swift */; };
		250E55551D2EBCD1006C3A22 /* GameViewController.swift in Sources */ = {isa = PBXBuildFile; fileRef = 250E55541D2EBCD1006C3A22 /* GameViewController.swift */; };
		250E555A1D2EF8CD006C3A22 /* YourLikesViewController.swift in Sources */ = {isa = PBXBuildFile; fileRef = 250E55591D2EF8CD006C3A22 /* YourLikesViewController.swift */; };
		250E555C1D2EFD57006C3A22 /* LikedPostCell.swift in Sources */ = {isa = PBXBuildFile; fileRef = 250E555B1D2EFD57006C3A22 /* LikedPostCell.swift */; };
		250E555E1D2F1AB2006C3A22 /* ImageHelper.swift in Sources */ = {isa = PBXBuildFile; fileRef = 250E555D1D2F1AB2006C3A22 /* ImageHelper.swift */; };
		254863A11D2F27AD00A35590 /* CreatePostViewController.swift in Sources */ = {isa = PBXBuildFile; fileRef = 254863A01D2F27AD00A35590 /* CreatePostViewController.swift */; };
		257ACE231D30B8230026E08E /* Global.swift in Sources */ = {isa = PBXBuildFile; fileRef = 257ACE221D30B8230026E08E /* Global.swift */; };
		25DB247D1D29C3E70050B2D8 /* AppDelegate.swift in Sources */ = {isa = PBXBuildFile; fileRef = 25DB247C1D29C3E70050B2D8 /* AppDelegate.swift */; };
		25DB247F1D29C3E70050B2D8 /* ViewController.swift in Sources */ = {isa = PBXBuildFile; fileRef = 25DB247E1D29C3E70050B2D8 /* ViewController.swift */; };
		25DB24821D29C3E70050B2D8 /* Main.storyboard in Resources */ = {isa = PBXBuildFile; fileRef = 25DB24801D29C3E70050B2D8 /* Main.storyboard */; };
		25DB24841D29C3E70050B2D8 /* Assets.xcassets in Resources */ = {isa = PBXBuildFile; fileRef = 25DB24831D29C3E70050B2D8 /* Assets.xcassets */; };
		25DB24871D29C3E70050B2D8 /* LaunchScreen.storyboard in Resources */ = {isa = PBXBuildFile; fileRef = 25DB24851D29C3E70050B2D8 /* LaunchScreen.storyboard */; };
		25DB24921D29C3E70050B2D8 /* WinItTests.swift in Sources */ = {isa = PBXBuildFile; fileRef = 25DB24911D29C3E70050B2D8 /* WinItTests.swift */; };
		25DB249D1D29C3E70050B2D8 /* WinItUITests.swift in Sources */ = {isa = PBXBuildFile; fileRef = 25DB249C1D29C3E70050B2D8 /* WinItUITests.swift */; };
		25DB24AB1D29D3A80050B2D8 /* MainTableView.swift in Sources */ = {isa = PBXBuildFile; fileRef = 25DB24AA1D29D3A80050B2D8 /* MainTableView.swift */; };
		25DB24AD1D29D6840050B2D8 /* MainTableViewCell.swift in Sources */ = {isa = PBXBuildFile; fileRef = 25DB24AC1D29D6840050B2D8 /* MainTableViewCell.swift */; };
		25DB24B21D2C33DD0050B2D8 /* Post.swift in Sources */ = {isa = PBXBuildFile; fileRef = 25DB24B11D2C33DD0050B2D8 /* Post.swift */; };
		25DB24B41D2C4FF50050B2D8 /* GoogleService-Info.plist in Resources */ = {isa = PBXBuildFile; fileRef = 25DB24B31D2C4FF50050B2D8 /* GoogleService-Info.plist */; };
		5FAA63333FEA3D4BCD6697C0 /* Pods_WinItUITests.framework in Frameworks */ = {isa = PBXBuildFile; fileRef = CC9F23DE59BC2A81513BCE18 /* Pods_WinItUITests.framework */; };
		B5E4F769C9AAE99126E23A4B /* Pods_WinItTests.framework in Frameworks */ = {isa = PBXBuildFile; fileRef = 46B75B5978AA09B6C111D698 /* Pods_WinItTests.framework */; };
		CEC604F9F64D01811A48B9AA /* Pods_WinIt.framework in Frameworks */ = {isa = PBXBuildFile; fileRef = 93B3DC8257723FF200B9347B /* Pods_WinIt.framework */; };
/* End PBXBuildFile section */

/* Begin PBXContainerItemProxy section */
		25DB248E1D29C3E70050B2D8 /* PBXContainerItemProxy */ = {
			isa = PBXContainerItemProxy;
			containerPortal = 25DB24711D29C3E70050B2D8 /* Project object */;
			proxyType = 1;
			remoteGlobalIDString = 25DB24781D29C3E70050B2D8;
			remoteInfo = WinIt;
		};
		25DB24991D29C3E70050B2D8 /* PBXContainerItemProxy */ = {
			isa = PBXContainerItemProxy;
			containerPortal = 25DB24711D29C3E70050B2D8 /* Project object */;
			proxyType = 1;
			remoteGlobalIDString = 25DB24781D29C3E70050B2D8;
			remoteInfo = WinIt;
		};
/* End PBXContainerItemProxy section */

/* Begin PBXFileReference section */
		2155D184F652733215929F5E /* Pods-WinIt.debug.xcconfig */ = {isa = PBXFileReference; includeInIndex = 1; lastKnownFileType = text.xcconfig; name = "Pods-WinIt.debug.xcconfig"; path = "Pods/Target Support Files/Pods-WinIt/Pods-WinIt.debug.xcconfig"; sourceTree = "<group>"; };
		250E554B1D2C72B4006C3A22 /* FirebaseHelper.swift */ = {isa = PBXFileReference; fileEncoding = 4; lastKnownFileType = sourcecode.swift; name = FirebaseHelper.swift; path = Helper/FirebaseHelper.swift; sourceTree = "<group>"; };
		250E554D1D2CAD2B006C3A22 /* LoginViewController.swift */ = {isa = PBXFileReference; fileEncoding = 4; lastKnownFileType = sourcecode.swift; path = LoginViewController.swift; sourceTree = "<group>"; };
		250E554F1D2CB66B006C3A22 /* UserRegisterViewController.swift */ = {isa = PBXFileReference; fileEncoding = 4; lastKnownFileType = sourcecode.swift; path = UserRegisterViewController.swift; sourceTree = "<group>"; };
		250E55511D2D8B5A006C3A22 /* CustomAnimation.swift */ = {isa = PBXFileReference; fileEncoding = 4; lastKnownFileType = sourcecode.swift; path = CustomAnimation.swift; sourceTree = "<group>"; };
		250E55541D2EBCD1006C3A22 /* GameViewController.swift */ = {isa = PBXFileReference; fileEncoding = 4; lastKnownFileType = sourcecode.swift; path = GameViewController.swift; sourceTree = "<group>"; };
		250E55591D2EF8CD006C3A22 /* YourLikesViewController.swift */ = {isa = PBXFileReference; fileEncoding = 4; lastKnownFileType = sourcecode.swift; path = YourLikesViewController.swift; sourceTree = "<group>"; };
		250E555B1D2EFD57006C3A22 /* LikedPostCell.swift */ = {isa = PBXFileReference; fileEncoding = 4; lastKnownFileType = sourcecode.swift; path = LikedPostCell.swift; sourceTree = "<group>"; };
		250E555D1D2F1AB2006C3A22 /* ImageHelper.swift */ = {isa = PBXFileReference; fileEncoding = 4; lastKnownFileType = sourcecode.swift; name = ImageHelper.swift; path = Helper/ImageHelper.swift; sourceTree = "<group>"; };
		254863A01D2F27AD00A35590 /* CreatePostViewController.swift */ = {isa = PBXFileReference; fileEncoding = 4; lastKnownFileType = sourcecode.swift; path = CreatePostViewController.swift; sourceTree = "<group>"; };
		257ACE221D30B8230026E08E /* Global.swift */ = {isa = PBXFileReference; fileEncoding = 4; lastKnownFileType = sourcecode.swift; path = Global.swift; sourceTree = "<group>"; };
		25DB24791D29C3E70050B2D8 /* WinIt.app */ = {isa = PBXFileReference; explicitFileType = wrapper.application; includeInIndex = 0; path = WinIt.app; sourceTree = BUILT_PRODUCTS_DIR; };
		25DB247C1D29C3E70050B2D8 /* AppDelegate.swift */ = {isa = PBXFileReference; lastKnownFileType = sourcecode.swift; path = AppDelegate.swift; sourceTree = "<group>"; };
		25DB247E1D29C3E70050B2D8 /* ViewController.swift */ = {isa = PBXFileReference; lastKnownFileType = sourcecode.swift; path = ViewController.swift; sourceTree = "<group>"; };
		25DB24811D29C3E70050B2D8 /* Base */ = {isa = PBXFileReference; lastKnownFileType = file.storyboard; name = Base; path = Base.lproj/Main.storyboard; sourceTree = "<group>"; };
		25DB24831D29C3E70050B2D8 /* Assets.xcassets */ = {isa = PBXFileReference; lastKnownFileType = folder.assetcatalog; path = Assets.xcassets; sourceTree = "<group>"; };
		25DB24861D29C3E70050B2D8 /* Base */ = {isa = PBXFileReference; lastKnownFileType = file.storyboard; name = Base; path = Base.lproj/LaunchScreen.storyboard; sourceTree = "<group>"; };
		25DB24881D29C3E70050B2D8 /* Info.plist */ = {isa = PBXFileReference; lastKnownFileType = text.plist.xml; path = Info.plist; sourceTree = "<group>"; };
		25DB248D1D29C3E70050B2D8 /* WinItTests.xctest */ = {isa = PBXFileReference; explicitFileType = wrapper.cfbundle; includeInIndex = 0; path = WinItTests.xctest; sourceTree = BUILT_PRODUCTS_DIR; };
		25DB24911D29C3E70050B2D8 /* WinItTests.swift */ = {isa = PBXFileReference; lastKnownFileType = sourcecode.swift; path = WinItTests.swift; sourceTree = "<group>"; };
		25DB24931D29C3E70050B2D8 /* Info.plist */ = {isa = PBXFileReference; lastKnownFileType = text.plist.xml; path = Info.plist; sourceTree = "<group>"; };
		25DB24981D29C3E70050B2D8 /* WinItUITests.xctest */ = {isa = PBXFileReference; explicitFileType = wrapper.cfbundle; includeInIndex = 0; path = WinItUITests.xctest; sourceTree = BUILT_PRODUCTS_DIR; };
		25DB249C1D29C3E70050B2D8 /* WinItUITests.swift */ = {isa = PBXFileReference; lastKnownFileType = sourcecode.swift; path = WinItUITests.swift; sourceTree = "<group>"; };
		25DB249E1D29C3E70050B2D8 /* Info.plist */ = {isa = PBXFileReference; lastKnownFileType = text.plist.xml; path = Info.plist; sourceTree = "<group>"; };
		25DB24AA1D29D3A80050B2D8 /* MainTableView.swift */ = {isa = PBXFileReference; fileEncoding = 4; lastKnownFileType = sourcecode.swift; name = MainTableView.swift; path = TableViewShopping/MainTableView.swift; sourceTree = "<group>"; };
		25DB24AC1D29D6840050B2D8 /* MainTableViewCell.swift */ = {isa = PBXFileReference; fileEncoding = 4; lastKnownFileType = sourcecode.swift; name = MainTableViewCell.swift; path = TableViewShopping/MainTableViewCell.swift; sourceTree = "<group>"; };
		25DB24B11D2C33DD0050B2D8 /* Post.swift */ = {isa = PBXFileReference; fileEncoding = 4; lastKnownFileType = sourcecode.swift; path = Post.swift; sourceTree = "<group>"; };
		25DB24B31D2C4FF50050B2D8 /* GoogleService-Info.plist */ = {isa = PBXFileReference; fileEncoding = 4; lastKnownFileType = text.plist.xml; path = "GoogleService-Info.plist"; sourceTree = "<group>"; };
		46B75B5978AA09B6C111D698 /* Pods_WinItTests.framework */ = {isa = PBXFileReference; explicitFileType = wrapper.framework; includeInIndex = 0; path = Pods_WinItTests.framework; sourceTree = BUILT_PRODUCTS_DIR; };
		75F1B09707F1A42668133BBE /* Pods-WinIt.release.xcconfig */ = {isa = PBXFileReference; includeInIndex = 1; lastKnownFileType = text.xcconfig; name = "Pods-WinIt.release.xcconfig"; path = "Pods/Target Support Files/Pods-WinIt/Pods-WinIt.release.xcconfig"; sourceTree = "<group>"; };
		93B3DC8257723FF200B9347B /* Pods_WinIt.framework */ = {isa = PBXFileReference; explicitFileType = wrapper.framework; includeInIndex = 0; path = Pods_WinIt.framework; sourceTree = BUILT_PRODUCTS_DIR; };
		CC9F23DE59BC2A81513BCE18 /* Pods_WinItUITests.framework */ = {isa = PBXFileReference; explicitFileType = wrapper.framework; includeInIndex = 0; path = Pods_WinItUITests.framework; sourceTree = BUILT_PRODUCTS_DIR; };
		E140941445475B5E27B6E232 /* Pods-WinItTests.debug.xcconfig */ = {isa = PBXFileReference; includeInIndex = 1; lastKnownFileType = text.xcconfig; name = "Pods-WinItTests.debug.xcconfig"; path = "Pods/Target Support Files/Pods-WinItTests/Pods-WinItTests.debug.xcconfig"; sourceTree = "<group>"; };
		E705CD1AF9A1B83519CEFEF7 /* Pods-WinItUITests.debug.xcconfig */ = {isa = PBXFileReference; includeInIndex = 1; lastKnownFileType = text.xcconfig; name = "Pods-WinItUITests.debug.xcconfig"; path = "Pods/Target Support Files/Pods-WinItUITests/Pods-WinItUITests.debug.xcconfig"; sourceTree = "<group>"; };
		F3EEB14B27CFE7AD24913D65 /* Pods-WinItUITests.release.xcconfig */ = {isa = PBXFileReference; includeInIndex = 1; lastKnownFileType = text.xcconfig; name = "Pods-WinItUITests.release.xcconfig"; path = "Pods/Target Support Files/Pods-WinItUITests/Pods-WinItUITests.release.xcconfig"; sourceTree = "<group>"; };
		FB64FC5BFD76F07DE97CAB74 /* Pods-WinItTests.release.xcconfig */ = {isa = PBXFileReference; includeInIndex = 1; lastKnownFileType = text.xcconfig; name = "Pods-WinItTests.release.xcconfig"; path = "Pods/Target Support Files/Pods-WinItTests/Pods-WinItTests.release.xcconfig"; sourceTree = "<group>"; };
/* End PBXFileReference section */

/* Begin PBXFrameworksBuildPhase section */
		25DB24761D29C3E70050B2D8 /* Frameworks */ = {
			isa = PBXFrameworksBuildPhase;
			buildActionMask = 2147483647;
			files = (
				CEC604F9F64D01811A48B9AA /* Pods_WinIt.framework in Frameworks */,
			);
			runOnlyForDeploymentPostprocessing = 0;
		};
		25DB248A1D29C3E70050B2D8 /* Frameworks */ = {
			isa = PBXFrameworksBuildPhase;
			buildActionMask = 2147483647;
			files = (
				B5E4F769C9AAE99126E23A4B /* Pods_WinItTests.framework in Frameworks */,
			);
			runOnlyForDeploymentPostprocessing = 0;
		};
		25DB24951D29C3E70050B2D8 /* Frameworks */ = {
			isa = PBXFrameworksBuildPhase;
			buildActionMask = 2147483647;
			files = (
				5FAA63333FEA3D4BCD6697C0 /* Pods_WinItUITests.framework in Frameworks */,
			);
			runOnlyForDeploymentPostprocessing = 0;
		};
/* End PBXFrameworksBuildPhase section */

/* Begin PBXGroup section */
		250E554A1D2C7282006C3A22 /* Helper */ = {
			isa = PBXGroup;
			children = (
				250E554B1D2C72B4006C3A22 /* FirebaseHelper.swift */,
				250E555D1D2F1AB2006C3A22 /* ImageHelper.swift */,
				250E55511D2D8B5A006C3A22 /* CustomAnimation.swift */,
			);
			name = Helper;
			sourceTree = "<group>";
		};
		250E55531D2EBCC0006C3A22 /* Game */ = {
			isa = PBXGroup;
			children = (
				250E55541D2EBCD1006C3A22 /* GameViewController.swift */,
			);
			name = Game;
			sourceTree = "<group>";
		};
		250E55561D2EF824006C3A22 /* AllPostView */ = {
			isa = PBXGroup;
			children = (
				25DB247E1D29C3E70050B2D8 /* ViewController.swift */,
				25DB24AA1D29D3A80050B2D8 /* MainTableView.swift */,
				25DB24AC1D29D6840050B2D8 /* MainTableViewCell.swift */,
			);
			name = AllPostView;
			sourceTree = "<group>";
		};
		250E55571D2EF87A006C3A22 /* Login */ = {
			isa = PBXGroup;
			children = (
				250E554D1D2CAD2B006C3A22 /* LoginViewController.swift */,
				250E554F1D2CB66B006C3A22 /* UserRegisterViewController.swift */,
			);
			name = Login;
			sourceTree = "<group>";
		};
		250E55581D2EF890006C3A22 /* LikedPosts */ = {
			isa = PBXGroup;
			children = (
				250E55591D2EF8CD006C3A22 /* YourLikesViewController.swift */,
				250E555B1D2EFD57006C3A22 /* LikedPostCell.swift */,
			);
			name = LikedPosts;
			sourceTree = "<group>";
		};
		250E55611D2F2447006C3A22 /* NewPost */ = {
			isa = PBXGroup;
			children = (
				254863A01D2F27AD00A35590 /* CreatePostViewController.swift */,
			);
			name = NewPost;
			sourceTree = "<group>";
		};
		25DB24701D29C3E70050B2D8 = {
			isa = PBXGroup;
			children = (
				25DB24B31D2C4FF50050B2D8 /* GoogleService-Info.plist */,
				25DB247B1D29C3E70050B2D8 /* WinIt */,
				25DB24901D29C3E70050B2D8 /* WinItTests */,
				25DB249B1D29C3E70050B2D8 /* WinItUITests */,
				25DB247A1D29C3E70050B2D8 /* Products */,
				E65EC864429BB4E0B87A52C5 /* Pods */,
				7F72FB4635C1994E7BCC27C9 /* Frameworks */,
			);
			sourceTree = "<group>";
		};
		25DB247A1D29C3E70050B2D8 /* Products */ = {
			isa = PBXGroup;
			children = (
				25DB24791D29C3E70050B2D8 /* WinIt.app */,
				25DB248D1D29C3E70050B2D8 /* WinItTests.xctest */,
				25DB24981D29C3E70050B2D8 /* WinItUITests.xctest */,
			);
			name = Products;
			sourceTree = "<group>";
		};
		25DB247B1D29C3E70050B2D8 /* WinIt */ = {
			isa = PBXGroup;
			children = (
				25DB247C1D29C3E70050B2D8 /* AppDelegate.swift */,
				250E55611D2F2447006C3A22 /* NewPost */,
				250E55581D2EF890006C3A22 /* LikedPosts */,
				250E55571D2EF87A006C3A22 /* Login */,
				250E55561D2EF824006C3A22 /* AllPostView */,
				250E55531D2EBCC0006C3A22 /* Game */,
				250E554A1D2C7282006C3A22 /* Helper */,
				25DB24B01D2C33DD0050B2D8 /* Offers */,
				25DB24801D29C3E70050B2D8 /* Main.storyboard */,
				25DB24831D29C3E70050B2D8 /* Assets.xcassets */,
				25DB24851D29C3E70050B2D8 /* LaunchScreen.storyboard */,
				25DB24881D29C3E70050B2D8 /* Info.plist */,
				257ACE221D30B8230026E08E /* Global.swift */,
			);
			path = WinIt;
			sourceTree = "<group>";
		};
		25DB24901D29C3E70050B2D8 /* WinItTests */ = {
			isa = PBXGroup;
			children = (
				25DB24911D29C3E70050B2D8 /* WinItTests.swift */,
				25DB24931D29C3E70050B2D8 /* Info.plist */,
			);
			path = WinItTests;
			sourceTree = "<group>";
		};
		25DB249B1D29C3E70050B2D8 /* WinItUITests */ = {
			isa = PBXGroup;
			children = (
				25DB249C1D29C3E70050B2D8 /* WinItUITests.swift */,
				25DB249E1D29C3E70050B2D8 /* Info.plist */,
			);
			path = WinItUITests;
			sourceTree = "<group>";
		};
		25DB24B01D2C33DD0050B2D8 /* Offers */ = {
			isa = PBXGroup;
			children = (
				25DB24B11D2C33DD0050B2D8 /* Post.swift */,
			);
			path = Offers;
			sourceTree = "<group>";
		};
		7F72FB4635C1994E7BCC27C9 /* Frameworks */ = {
			isa = PBXGroup;
			children = (
				93B3DC8257723FF200B9347B /* Pods_WinIt.framework */,
				46B75B5978AA09B6C111D698 /* Pods_WinItTests.framework */,
				CC9F23DE59BC2A81513BCE18 /* Pods_WinItUITests.framework */,
			);
			name = Frameworks;
			sourceTree = "<group>";
		};
		E65EC864429BB4E0B87A52C5 /* Pods */ = {
			isa = PBXGroup;
			children = (
				2155D184F652733215929F5E /* Pods-WinIt.debug.xcconfig */,
				75F1B09707F1A42668133BBE /* Pods-WinIt.release.xcconfig */,
				E140941445475B5E27B6E232 /* Pods-WinItTests.debug.xcconfig */,
				FB64FC5BFD76F07DE97CAB74 /* Pods-WinItTests.release.xcconfig */,
				E705CD1AF9A1B83519CEFEF7 /* Pods-WinItUITests.debug.xcconfig */,
				F3EEB14B27CFE7AD24913D65 /* Pods-WinItUITests.release.xcconfig */,
			);
			name = Pods;
			sourceTree = "<group>";
		};
/* End PBXGroup section */

/* Begin PBXNativeTarget section */
		25DB24781D29C3E70050B2D8 /* WinIt */ = {
			isa = PBXNativeTarget;
			buildConfigurationList = 25DB24A11D29C3E70050B2D8 /* Build configuration list for PBXNativeTarget "WinIt" */;
			buildPhases = (
				C14A763D0058C40458E59C63 /* [CP] Check Pods Manifest.lock */,
				25DB24751D29C3E70050B2D8 /* Sources */,
				25DB24761D29C3E70050B2D8 /* Frameworks */,
				25DB24771D29C3E70050B2D8 /* Resources */,
				427F8BAA585431519E6A761A /* [CP] Embed Pods Frameworks */,
				F0D699393CFCE124FC6A43D4 /* [CP] Copy Pods Resources */,
			);
			buildRules = (
			);
			dependencies = (
			);
			name = WinIt;
			productName = WinIt;
			productReference = 25DB24791D29C3E70050B2D8 /* WinIt.app */;
			productType = "com.apple.product-type.application";
		};
		25DB248C1D29C3E70050B2D8 /* WinItTests */ = {
			isa = PBXNativeTarget;
			buildConfigurationList = 25DB24A41D29C3E70050B2D8 /* Build configuration list for PBXNativeTarget "WinItTests" */;
			buildPhases = (
				B17457924B60DAC457787B78 /* [CP] Check Pods Manifest.lock */,
				25DB24891D29C3E70050B2D8 /* Sources */,
				25DB248A1D29C3E70050B2D8 /* Frameworks */,
				25DB248B1D29C3E70050B2D8 /* Resources */,
				048E71DEECF46C04A4DDB9D7 /* [CP] Embed Pods Frameworks */,
				0EC0CC84867459A04B908D09 /* [CP] Copy Pods Resources */,
			);
			buildRules = (
			);
			dependencies = (
				25DB248F1D29C3E70050B2D8 /* PBXTargetDependency */,
			);
			name = WinItTests;
			productName = WinItTests;
			productReference = 25DB248D1D29C3E70050B2D8 /* WinItTests.xctest */;
			productType = "com.apple.product-type.bundle.unit-test";
		};
		25DB24971D29C3E70050B2D8 /* WinItUITests */ = {
			isa = PBXNativeTarget;
			buildConfigurationList = 25DB24A71D29C3E70050B2D8 /* Build configuration list for PBXNativeTarget "WinItUITests" */;
			buildPhases = (
				CFEA6EFB949B4BCC29839F74 /* [CP] Check Pods Manifest.lock */,
				25DB24941D29C3E70050B2D8 /* Sources */,
				25DB24951D29C3E70050B2D8 /* Frameworks */,
				25DB24961D29C3E70050B2D8 /* Resources */,
				DCADF490C5A92D64443824D1 /* [CP] Copy Pods Resources */,
			);
			buildRules = (
			);
			dependencies = (
				25DB249A1D29C3E70050B2D8 /* PBXTargetDependency */,
			);
			name = WinItUITests;
			productName = WinItUITests;
			productReference = 25DB24981D29C3E70050B2D8 /* WinItUITests.xctest */;
			productType = "com.apple.product-type.bundle.ui-testing";
		};
/* End PBXNativeTarget section */

/* Begin PBXProject section */
		25DB24711D29C3E70050B2D8 /* Project object */ = {
			isa = PBXProject;
			attributes = {
				LastSwiftUpdateCheck = 0730;
				LastUpgradeCheck = 0730;
				ORGANIZATIONNAME = Timo;
				TargetAttributes = {
					25DB24781D29C3E70050B2D8 = {
						CreatedOnToolsVersion = 7.3.1;
					};
					25DB248C1D29C3E70050B2D8 = {
						CreatedOnToolsVersion = 7.3.1;
						TestTargetID = 25DB24781D29C3E70050B2D8;
					};
					25DB24971D29C3E70050B2D8 = {
						CreatedOnToolsVersion = 7.3.1;
						TestTargetID = 25DB24781D29C3E70050B2D8;
					};
				};
			};
			buildConfigurationList = 25DB24741D29C3E70050B2D8 /* Build configuration list for PBXProject "WinIt" */;
			compatibilityVersion = "Xcode 3.2";
			developmentRegion = English;
			hasScannedForEncodings = 0;
			knownRegions = (
				en,
				Base,
			);
			mainGroup = 25DB24701D29C3E70050B2D8;
			productRefGroup = 25DB247A1D29C3E70050B2D8 /* Products */;
			projectDirPath = "";
			projectRoot = "";
			targets = (
				25DB24781D29C3E70050B2D8 /* WinIt */,
				25DB248C1D29C3E70050B2D8 /* WinItTests */,
				25DB24971D29C3E70050B2D8 /* WinItUITests */,
			);
		};
/* End PBXProject section */

/* Begin PBXResourcesBuildPhase section */
		25DB24771D29C3E70050B2D8 /* Resources */ = {
			isa = PBXResourcesBuildPhase;
			buildActionMask = 2147483647;
			files = (
				25DB24871D29C3E70050B2D8 /* LaunchScreen.storyboard in Resources */,
				25DB24B41D2C4FF50050B2D8 /* GoogleService-Info.plist in Resources */,
				25DB24841D29C3E70050B2D8 /* Assets.xcassets in Resources */,
				25DB24821D29C3E70050B2D8 /* Main.storyboard in Resources */,
			);
			runOnlyForDeploymentPostprocessing = 0;
		};
		25DB248B1D29C3E70050B2D8 /* Resources */ = {
			isa = PBXResourcesBuildPhase;
			buildActionMask = 2147483647;
			files = (
			);
			runOnlyForDeploymentPostprocessing = 0;
		};
		25DB24961D29C3E70050B2D8 /* Resources */ = {
			isa = PBXResourcesBuildPhase;
			buildActionMask = 2147483647;
			files = (
			);
			runOnlyForDeploymentPostprocessing = 0;
		};
/* End PBXResourcesBuildPhase section */

/* Begin PBXShellScriptBuildPhase section */
		048E71DEECF46C04A4DDB9D7 /* [CP] Embed Pods Frameworks */ = {
			isa = PBXShellScriptBuildPhase;
			buildActionMask = 2147483647;
			files = (
			);
			inputPaths = (
			);
			name = "[CP] Embed Pods Frameworks";
			outputPaths = (
			);
			runOnlyForDeploymentPostprocessing = 0;
			shellPath = /bin/sh;
			shellScript = "\"${SRCROOT}/Pods/Target Support Files/Pods-WinItTests/Pods-WinItTests-frameworks.sh\"\n";
			showEnvVarsInLog = 0;
		};
		0EC0CC84867459A04B908D09 /* [CP] Copy Pods Resources */ = {
			isa = PBXShellScriptBuildPhase;
			buildActionMask = 2147483647;
			files = (
			);
			inputPaths = (
			);
			name = "[CP] Copy Pods Resources";
			outputPaths = (
			);
			runOnlyForDeploymentPostprocessing = 0;
			shellPath = /bin/sh;
			shellScript = "\"${SRCROOT}/Pods/Target Support Files/Pods-WinItTests/Pods-WinItTests-resources.sh\"\n";
			showEnvVarsInLog = 0;
		};
		427F8BAA585431519E6A761A /* [CP] Embed Pods Frameworks */ = {
			isa = PBXShellScriptBuildPhase;
			buildActionMask = 2147483647;
			files = (
			);
			inputPaths = (
			);
			name = "[CP] Embed Pods Frameworks";
			outputPaths = (
			);
			runOnlyForDeploymentPostprocessing = 0;
			shellPath = /bin/sh;
			shellScript = "\"${SRCROOT}/Pods/Target Support Files/Pods-WinIt/Pods-WinIt-frameworks.sh\"\n";
			showEnvVarsInLog = 0;
		};
		B17457924B60DAC457787B78 /* [CP] Check Pods Manifest.lock */ = {
			isa = PBXShellScriptBuildPhase;
			buildActionMask = 2147483647;
			files = (
			);
			inputPaths = (
			);
			name = "[CP] Check Pods Manifest.lock";
			outputPaths = (
			);
			runOnlyForDeploymentPostprocessing = 0;
			shellPath = /bin/sh;
			shellScript = "diff \"${PODS_ROOT}/../Podfile.lock\" \"${PODS_ROOT}/Manifest.lock\" > /dev/null\nif [[ $? != 0 ]] ; then\n    cat << EOM\nerror: The sandbox is not in sync with the Podfile.lock. Run 'pod install' or update your CocoaPods installation.\nEOM\n    exit 1\nfi\n";
			showEnvVarsInLog = 0;
		};
		C14A763D0058C40458E59C63 /* [CP] Check Pods Manifest.lock */ = {
			isa = PBXShellScriptBuildPhase;
			buildActionMask = 2147483647;
			files = (
			);
			inputPaths = (
			);
			name = "[CP] Check Pods Manifest.lock";
			outputPaths = (
			);
			runOnlyForDeploymentPostprocessing = 0;
			shellPath = /bin/sh;
			shellScript = "diff \"${PODS_ROOT}/../Podfile.lock\" \"${PODS_ROOT}/Manifest.lock\" > /dev/null\nif [[ $? != 0 ]] ; then\n    cat << EOM\nerror: The sandbox is not in sync with the Podfile.lock. Run 'pod install' or update your CocoaPods installation.\nEOM\n    exit 1\nfi\n";
			showEnvVarsInLog = 0;
		};
		CFEA6EFB949B4BCC29839F74 /* [CP] Check Pods Manifest.lock */ = {
			isa = PBXShellScriptBuildPhase;
			buildActionMask = 2147483647;
			files = (
			);
			inputPaths = (
			);
			name = "[CP] Check Pods Manifest.lock";
			outputPaths = (
			);
			runOnlyForDeploymentPostprocessing = 0;
			shellPath = /bin/sh;
			shellScript = "diff \"${PODS_ROOT}/../Podfile.lock\" \"${PODS_ROOT}/Manifest.lock\" > /dev/null\nif [[ $? != 0 ]] ; then\n    cat << EOM\nerror: The sandbox is not in sync with the Podfile.lock. Run 'pod install' or update your CocoaPods installation.\nEOM\n    exit 1\nfi\n";
			showEnvVarsInLog = 0;
		};
		DCADF490C5A92D64443824D1 /* [CP] Copy Pods Resources */ = {
			isa = PBXShellScriptBuildPhase;
			buildActionMask = 2147483647;
			files = (
			);
			inputPaths = (
			);
			name = "[CP] Copy Pods Resources";
			outputPaths = (
			);
			runOnlyForDeploymentPostprocessing = 0;
			shellPath = /bin/sh;
			shellScript = "\"${SRCROOT}/Pods/Target Support Files/Pods-WinItUITests/Pods-WinItUITests-resources.sh\"\n";
			showEnvVarsInLog = 0;
		};
		F0D699393CFCE124FC6A43D4 /* [CP] Copy Pods Resources */ = {
			isa = PBXShellScriptBuildPhase;
			buildActionMask = 2147483647;
			files = (
			);
			inputPaths = (
			);
			name = "[CP] Copy Pods Resources";
			outputPaths = (
			);
			runOnlyForDeploymentPostprocessing = 0;
			shellPath = /bin/sh;
			shellScript = "\"${SRCROOT}/Pods/Target Support Files/Pods-WinIt/Pods-WinIt-resources.sh\"\n";
			showEnvVarsInLog = 0;
		};
/* End PBXShellScriptBuildPhase section */

/* Begin PBXSourcesBuildPhase section */
		25DB24751D29C3E70050B2D8 /* Sources */ = {
			isa = PBXSourcesBuildPhase;
			buildActionMask = 2147483647;
			files = (
				250E55551D2EBCD1006C3A22 /* GameViewController.swift in Sources */,
				250E555C1D2EFD57006C3A22 /* LikedPostCell.swift in Sources */,
				250E554E1D2CAD2B006C3A22 /* LoginViewController.swift in Sources */,
				25DB24B21D2C33DD0050B2D8 /* Post.swift in Sources */,
				250E55521D2D8B5A006C3A22 /* CustomAnimation.swift in Sources */,
				25DB24AB1D29D3A80050B2D8 /* MainTableView.swift in Sources */,
				25DB247F1D29C3E70050B2D8 /* ViewController.swift in Sources */,
				250E55501D2CB66B006C3A22 /* UserRegisterViewController.swift in Sources */,
				257ACE231D30B8230026E08E /* Global.swift in Sources */,
				254863A11D2F27AD00A35590 /* CreatePostViewController.swift in Sources */,
				250E555E1D2F1AB2006C3A22 /* ImageHelper.swift in Sources */,
				25DB24AD1D29D6840050B2D8 /* MainTableViewCell.swift in Sources */,
				250E554C1D2C72B4006C3A22 /* FirebaseHelper.swift in Sources */,
				250E555A1D2EF8CD006C3A22 /* YourLikesViewController.swift in Sources */,
				25DB247D1D29C3E70050B2D8 /* AppDelegate.swift in Sources */,
			);
			runOnlyForDeploymentPostprocessing = 0;
		};
		25DB24891D29C3E70050B2D8 /* Sources */ = {
			isa = PBXSourcesBuildPhase;
			buildActionMask = 2147483647;
			files = (
				25DB24921D29C3E70050B2D8 /* WinItTests.swift in Sources */,
			);
			runOnlyForDeploymentPostprocessing = 0;
		};
		25DB24941D29C3E70050B2D8 /* Sources */ = {
			isa = PBXSourcesBuildPhase;
			buildActionMask = 2147483647;
			files = (
				25DB249D1D29C3E70050B2D8 /* WinItUITests.swift in Sources */,
			);
			runOnlyForDeploymentPostprocessing = 0;
		};
/* End PBXSourcesBuildPhase section */

/* Begin PBXTargetDependency section */
		25DB248F1D29C3E70050B2D8 /* PBXTargetDependency */ = {
			isa = PBXTargetDependency;
			target = 25DB24781D29C3E70050B2D8 /* WinIt */;
			targetProxy = 25DB248E1D29C3E70050B2D8 /* PBXContainerItemProxy */;
		};
		25DB249A1D29C3E70050B2D8 /* PBXTargetDependency */ = {
			isa = PBXTargetDependency;
			target = 25DB24781D29C3E70050B2D8 /* WinIt */;
			targetProxy = 25DB24991D29C3E70050B2D8 /* PBXContainerItemProxy */;
		};
/* End PBXTargetDependency section */

/* Begin PBXVariantGroup section */
		25DB24801D29C3E70050B2D8 /* Main.storyboard */ = {
			isa = PBXVariantGroup;
			children = (
				25DB24811D29C3E70050B2D8 /* Base */,
			);
			name = Main.storyboard;
			sourceTree = "<group>";
		};
		25DB24851D29C3E70050B2D8 /* LaunchScreen.storyboard */ = {
			isa = PBXVariantGroup;
			children = (
				25DB24861D29C3E70050B2D8 /* Base */,
			);
			name = LaunchScreen.storyboard;
			sourceTree = "<group>";
		};
/* End PBXVariantGroup section */

/* Begin XCBuildConfiguration section */
		25DB249F1D29C3E70050B2D8 /* Debug */ = {
			isa = XCBuildConfiguration;
			buildSettings = {
				ALWAYS_SEARCH_USER_PATHS = NO;
				CLANG_ANALYZER_NONNULL = YES;
				CLANG_CXX_LANGUAGE_STANDARD = "gnu++0x";
				CLANG_CXX_LIBRARY = "libc++";
				CLANG_ENABLE_MODULES = YES;
				CLANG_ENABLE_OBJC_ARC = YES;
				CLANG_WARN_BOOL_CONVERSION = YES;
				CLANG_WARN_CONSTANT_CONVERSION = YES;
				CLANG_WARN_DIRECT_OBJC_ISA_USAGE = YES_ERROR;
				CLANG_WARN_EMPTY_BODY = YES;
				CLANG_WARN_ENUM_CONVERSION = YES;
				CLANG_WARN_INT_CONVERSION = YES;
				CLANG_WARN_OBJC_ROOT_CLASS = YES_ERROR;
				CLANG_WARN_UNREACHABLE_CODE = YES;
				CLANG_WARN__DUPLICATE_METHOD_MATCH = YES;
				"CODE_SIGN_IDENTITY[sdk=iphoneos*]" = "iPhone Developer";
				COPY_PHASE_STRIP = NO;
				DEBUG_INFORMATION_FORMAT = dwarf;
				ENABLE_STRICT_OBJC_MSGSEND = YES;
				ENABLE_TESTABILITY = YES;
				GCC_C_LANGUAGE_STANDARD = gnu99;
				GCC_DYNAMIC_NO_PIC = NO;
				GCC_NO_COMMON_BLOCKS = YES;
				GCC_OPTIMIZATION_LEVEL = 0;
				GCC_PREPROCESSOR_DEFINITIONS = (
					"DEBUG=1",
					"$(inherited)",
				);
				GCC_WARN_64_TO_32_BIT_CONVERSION = YES;
				GCC_WARN_ABOUT_RETURN_TYPE = YES_ERROR;
				GCC_WARN_UNDECLARED_SELECTOR = YES;
				GCC_WARN_UNINITIALIZED_AUTOS = YES_AGGRESSIVE;
				GCC_WARN_UNUSED_FUNCTION = YES;
				GCC_WARN_UNUSED_VARIABLE = YES;
				IPHONEOS_DEPLOYMENT_TARGET = 9.3;
				MTL_ENABLE_DEBUG_INFO = YES;
				ONLY_ACTIVE_ARCH = YES;
				SDKROOT = iphoneos;
				SWIFT_OPTIMIZATION_LEVEL = "-Onone";
			};
			name = Debug;
		};
		25DB24A01D29C3E70050B2D8 /* Release */ = {
			isa = XCBuildConfiguration;
			buildSettings = {
				ALWAYS_SEARCH_USER_PATHS = NO;
				CLANG_ANALYZER_NONNULL = YES;
				CLANG_CXX_LANGUAGE_STANDARD = "gnu++0x";
				CLANG_CXX_LIBRARY = "libc++";
				CLANG_ENABLE_MODULES = YES;
				CLANG_ENABLE_OBJC_ARC = YES;
				CLANG_WARN_BOOL_CONVERSION = YES;
				CLANG_WARN_CONSTANT_CONVERSION = YES;
				CLANG_WARN_DIRECT_OBJC_ISA_USAGE = YES_ERROR;
				CLANG_WARN_EMPTY_BODY = YES;
				CLANG_WARN_ENUM_CONVERSION = YES;
				CLANG_WARN_INT_CONVERSION = YES;
				CLANG_WARN_OBJC_ROOT_CLASS = YES_ERROR;
				CLANG_WARN_UNREACHABLE_CODE = YES;
				CLANG_WARN__DUPLICATE_METHOD_MATCH = YES;
				"CODE_SIGN_IDENTITY[sdk=iphoneos*]" = "iPhone Developer";
				COPY_PHASE_STRIP = NO;
				DEBUG_INFORMATION_FORMAT = "dwarf-with-dsym";
				ENABLE_NS_ASSERTIONS = NO;
				ENABLE_STRICT_OBJC_MSGSEND = YES;
				GCC_C_LANGUAGE_STANDARD = gnu99;
				GCC_NO_COMMON_BLOCKS = YES;
				GCC_WARN_64_TO_32_BIT_CONVERSION = YES;
				GCC_WARN_ABOUT_RETURN_TYPE = YES_ERROR;
				GCC_WARN_UNDECLARED_SELECTOR = YES;
				GCC_WARN_UNINITIALIZED_AUTOS = YES_AGGRESSIVE;
				GCC_WARN_UNUSED_FUNCTION = YES;
				GCC_WARN_UNUSED_VARIABLE = YES;
				IPHONEOS_DEPLOYMENT_TARGET = 9.3;
				MTL_ENABLE_DEBUG_INFO = NO;
				SDKROOT = iphoneos;
				VALIDATE_PRODUCT = YES;
			};
			name = Release;
		};
		25DB24A21D29C3E70050B2D8 /* Debug */ = {
			isa = XCBuildConfiguration;
			baseConfigurationReference = 2155D184F652733215929F5E /* Pods-WinIt.debug.xcconfig */;
			buildSettings = {
				ASSETCATALOG_COMPILER_APPICON_NAME = AppIcon;
				INFOPLIST_FILE = WinIt/Info.plist;
				LD_RUNPATH_SEARCH_PATHS = "$(inherited) @executable_path/Frameworks";
				PRODUCT_BUNDLE_IDENTIFIER = net.widap.winit;
				PRODUCT_NAME = "$(TARGET_NAME)";
			};
			name = Debug;
		};
		25DB24A31D29C3E70050B2D8 /* Release */ = {
			isa = XCBuildConfiguration;
			baseConfigurationReference = 75F1B09707F1A42668133BBE /* Pods-WinIt.release.xcconfig */;
			buildSettings = {
				ASSETCATALOG_COMPILER_APPICON_NAME = AppIcon;
				INFOPLIST_FILE = WinIt/Info.plist;
				LD_RUNPATH_SEARCH_PATHS = "$(inherited) @executable_path/Frameworks";
				PRODUCT_BUNDLE_IDENTIFIER = net.widap.winit;
				PRODUCT_NAME = "$(TARGET_NAME)";
			};
			name = Release;
		};
		25DB24A51D29C3E70050B2D8 /* Debug */ = {
			isa = XCBuildConfiguration;
			baseConfigurationReference = E140941445475B5E27B6E232 /* Pods-WinItTests.debug.xcconfig */;
			buildSettings = {
				BUNDLE_LOADER = "$(TEST_HOST)";
				INFOPLIST_FILE = WinItTests/Info.plist;
				LD_RUNPATH_SEARCH_PATHS = "$(inherited) @executable_path/Frameworks @loader_path/Frameworks";
				PRODUCT_BUNDLE_IDENTIFIER = to.WinItTests;
				PRODUCT_NAME = "$(TARGET_NAME)";
				TEST_HOST = "$(BUILT_PRODUCTS_DIR)/WinIt.app/WinIt";
			};
			name = Debug;
		};
		25DB24A61D29C3E70050B2D8 /* Release */ = {
			isa = XCBuildConfiguration;
			baseConfigurationReference = FB64FC5BFD76F07DE97CAB74 /* Pods-WinItTests.release.xcconfig */;
			buildSettings = {
				BUNDLE_LOADER = "$(TEST_HOST)";
				INFOPLIST_FILE = WinItTests/Info.plist;
				LD_RUNPATH_SEARCH_PATHS = "$(inherited) @executable_path/Frameworks @loader_path/Frameworks";
				PRODUCT_BUNDLE_IDENTIFIER = to.WinItTests;
				PRODUCT_NAME = "$(TARGET_NAME)";
				TEST_HOST = "$(BUILT_PRODUCTS_DIR)/WinIt.app/WinIt";
			};
			name = Release;
		};
		25DB24A81D29C3E70050B2D8 /* Debug */ = {
			isa = XCBuildConfiguration;
			baseConfigurationReference = E705CD1AF9A1B83519CEFEF7 /* Pods-WinItUITests.debug.xcconfig */;
			buildSettings = {
				INFOPLIST_FILE = WinItUITests/Info.plist;
				LD_RUNPATH_SEARCH_PATHS = "$(inherited) @executable_path/Frameworks @loader_path/Frameworks";
				PRODUCT_BUNDLE_IDENTIFIER = to.WinItUITests;
				PRODUCT_NAME = "$(TARGET_NAME)";
				TEST_TARGET_NAME = WinIt;
			};
			name = Debug;
		};
		25DB24A91D29C3E70050B2D8 /* Release */ = {
			isa = XCBuildConfiguration;
			baseConfigurationReference = F3EEB14B27CFE7AD24913D65 /* Pods-WinItUITests.release.xcconfig */;
			buildSettings = {
				INFOPLIST_FILE = WinItUITests/Info.plist;
				LD_RUNPATH_SEARCH_PATHS = "$(inherited) @executable_path/Frameworks @loader_path/Frameworks";
				PRODUCT_BUNDLE_IDENTIFIER = to.WinItUITests;
				PRODUCT_NAME = "$(TARGET_NAME)";
				TEST_TARGET_NAME = WinIt;
			};
			name = Release;
		};
/* End XCBuildConfiguration section */

/* Begin XCConfigurationList section */
		25DB24741D29C3E70050B2D8 /* Build configuration list for PBXProject "WinIt" */ = {
			isa = XCConfigurationList;
			buildConfigurations = (
				25DB249F1D29C3E70050B2D8 /* Debug */,
				25DB24A01D29C3E70050B2D8 /* Release */,
			);
			defaultConfigurationIsVisible = 0;
			defaultConfigurationName = Release;
		};
		25DB24A11D29C3E70050B2D8 /* Build configuration list for PBXNativeTarget "WinIt" */ = {
			isa = XCConfigurationList;
			buildConfigurations = (
				25DB24A21D29C3E70050B2D8 /* Debug */,
				25DB24A31D29C3E70050B2D8 /* Release */,
			);
			defaultConfigurationIsVisible = 0;
			defaultConfigurationName = Release;
		};
		25DB24A41D29C3E70050B2D8 /* Build configuration list for PBXNativeTarget "WinItTests" */ = {
			isa = XCConfigurationList;
			buildConfigurations = (
				25DB24A51D29C3E70050B2D8 /* Debug */,
				25DB24A61D29C3E70050B2D8 /* Release */,
			);
			defaultConfigurationIsVisible = 0;
			defaultConfigurationName = Release;
		};
		25DB24A71D29C3E70050B2D8 /* Build configuration list for PBXNativeTarget "WinItUITests" */ = {
			isa = XCConfigurationList;
			buildConfigurations = (
				25DB24A81D29C3E70050B2D8 /* Debug */,
				25DB24A91D29C3E70050B2D8 /* Release */,
			);
			defaultConfigurationIsVisible = 0;
			defaultConfigurationName = Release;
		};
/* End XCConfigurationList section */
	};
	rootObject = 25DB24711D29C3E70050B2D8 /* Project object */;
}
